{
  "name": "zeitcircle",
  "version": "1.0.0",
  "lockfileVersion": 1,
  "requires": true,
  "dependencies": {
    "now": {
      "version": "11.4.2",
      "resolved": "https://registry.npmjs.org/now/-/now-11.4.2.tgz",
      "integrity": "sha512-mScVqYLodozw94ba5l3IoMair0Ro2mIfdoR9HCshLJ/Zv9uRiXryvKzdB12Dtvkuspd/F0Rs81tFIsFA0xD7XQ=="
    }
  }
}
